// !$*UTF8*$!
{
	archiveVersion = 1;
	classes = {
	};
	objectVersion = 46;
	objects = {

/* Begin PBXBuildFile section */
		B057A05C1E013E180076287C /* PopoverAction.m in Sources */ = {isa = PBXBuildFile; fileRef = B057A0571E013E180076287C /* PopoverAction.m */; };
		B057A05D1E013E180076287C /* PopoverView.m in Sources */ = {isa = PBXBuildFile; fileRef = B057A0591E013E180076287C /* PopoverView.m */; };
		B057A05E1E013E180076287C /* PopoverViewCell.m in Sources */ = {isa = PBXBuildFile; fileRef = B057A05B1E013E180076287C /* PopoverViewCell.m */; };
		DEF76E691C3B863C00CC7AF9 /* main.m in Sources */ = {isa = PBXBuildFile; fileRef = DEF76E681C3B863C00CC7AF9 /* main.m */; };
		DEF76E6C1C3B863C00CC7AF9 /* AppDelegate.m in Sources */ = {isa = PBXBuildFile; fileRef = DEF76E6B1C3B863C00CC7AF9 /* AppDelegate.m */; };
		DEF76E6F1C3B863C00CC7AF9 /* ViewController.m in Sources */ = {isa = PBXBuildFile; fileRef = DEF76E6E1C3B863C00CC7AF9 /* ViewController.m */; };
		DEF76E721C3B863C00CC7AF9 /* Main.storyboard in Resources */ = {isa = PBXBuildFile; fileRef = DEF76E701C3B863C00CC7AF9 /* Main.storyboard */; };
		DEF76E741C3B863C00CC7AF9 /* Assets.xcassets in Resources */ = {isa = PBXBuildFile; fileRef = DEF76E731C3B863C00CC7AF9 /* Assets.xcassets */; };
		DEF76E771C3B863C00CC7AF9 /* LaunchScreen.storyboard in Resources */ = {isa = PBXBuildFile; fileRef = DEF76E751C3B863C00CC7AF9 /* LaunchScreen.storyboard */; };
/* End PBXBuildFile section */

/* Begin PBXFileReference section */
		B057A0561E013E180076287C /* PopoverAction.h */ = {isa = PBXFileReference; fileEncoding = 4; lastKnownFileType = sourcecode.c.h; path = PopoverAction.h; sourceTree = "<group>"; };
		B057A0571E013E180076287C /* PopoverAction.m */ = {isa = PBXFileReference; fileEncoding = 4; lastKnownFileType = sourcecode.c.objc; path = PopoverAction.m; sourceTree = "<group>"; };
		B057A0581E013E180076287C /* PopoverView.h */ = {isa = PBXFileReference; fileEncoding = 4; lastKnownFileType = sourcecode.c.h; path = PopoverView.h; sourceTree = "<group>"; };
		B057A0591E013E180076287C /* PopoverView.m */ = {isa = PBXFileReference; fileEncoding = 4; lastKnownFileType = sourcecode.c.objc; path = PopoverView.m; sourceTree = "<group>"; };
		B057A05A1E013E180076287C /* PopoverViewCell.h */ = {isa = PBXFileReference; fileEncoding = 4; lastKnownFileType = sourcecode.c.h; path = PopoverViewCell.h; sourceTree = "<group>"; };
		B057A05B1E013E180076287C /* PopoverViewCell.m */ = {isa = PBXFileReference; fileEncoding = 4; lastKnownFileType = sourcecode.c.objc; path = PopoverViewCell.m; sourceTree = "<group>"; };
		DEF76E641C3B863C00CC7AF9 /* Popover.app */ = {isa = PBXFileReference; explicitFileType = wrapper.application; includeInIndex = 0; path = Popover.app; sourceTree = BUILT_PRODUCTS_DIR; };
		DEF76E681C3B863C00CC7AF9 /* main.m */ = {isa = PBXFileReference; lastKnownFileType = sourcecode.c.objc; path = main.m; sourceTree = "<group>"; };
		DEF76E6A1C3B863C00CC7AF9 /* AppDelegate.h */ = {isa = PBXFileReference; lastKnownFileType = sourcecode.c.h; path = AppDelegate.h; sourceTree = "<group>"; };
		DEF76E6B1C3B863C00CC7AF9 /* AppDelegate.m */ = {isa = PBXFileReference; lastKnownFileType = sourcecode.c.objc; path = AppDelegate.m; sourceTree = "<group>"; };
		DEF76E6D1C3B863C00CC7AF9 /* ViewController.h */ = {isa = PBXFileReference; lastKnownFileType = sourcecode.c.h; path = ViewController.h; sourceTree = "<group>"; };
		DEF76E6E1C3B863C00CC7AF9 /* ViewController.m */ = {isa = PBXFileReference; lastKnownFileType = sourcecode.c.objc; path = ViewController.m; sourceTree = "<group>"; };
		DEF76E711C3B863C00CC7AF9 /* Base */ = {isa = PBXFileReference; lastKnownFileType = file.storyboard; name = Base; path = Base.lproj/Main.storyboard; sourceTree = "<group>"; };
		DEF76E731C3B863C00CC7AF9 /* Assets.xcassets */ = {isa = PBXFileReference; lastKnownFileType = folder.assetcatalog; path = Assets.xcassets; sourceTree = "<group>"; };
		DEF76E761C3B863C00CC7AF9 /* Base */ = {isa = PBXFileReference; lastKnownFileType = file.storyboard; name = Base; path = Base.lproj/LaunchScreen.storyboard; sourceTree = "<group>"; };
		DEF76E781C3B863C00CC7AF9 /* Info.plist */ = {isa = PBXFileReference; lastKnownFileType = text.plist.xml; path = Info.plist; sourceTree = "<group>"; };
/* End PBXFileReference section */

/* Begin PBXFrameworksBuildPhase section */
		DEF76E611C3B863C00CC7AF9 /* Frameworks */ = {
			isa = PBXFrameworksBuildPhase;
			buildActionMask = 2147483647;
			files = (
			);
			runOnlyForDeploymentPostprocessing = 0;
		};
/* End PBXFrameworksBuildPhase section */

/* Begin PBXGroup section */
		B057A0551E013E180076287C /* PopoverView */ = {
			isa = PBXGroup;
			children = (
				B057A0581E013E180076287C /* PopoverView.h */,
				B057A0591E013E180076287C /* PopoverView.m */,
				B057A05A1E013E180076287C /* PopoverViewCell.h */,
				B057A05B1E013E180076287C /* PopoverViewCell.m */,
				B057A0561E013E180076287C /* PopoverAction.h */,
				B057A0571E013E180076287C /* PopoverAction.m */,
			);
			path = PopoverView;
			sourceTree = "<group>";
		};
		DEF76E5B1C3B863C00CC7AF9 = {
			isa = PBXGroup;
			children = (
				DEF76E661C3B863C00CC7AF9 /* Popover */,
				DEF76E651C3B863C00CC7AF9 /* Products */,
			);
			sourceTree = "<group>";
		};
		DEF76E651C3B863C00CC7AF9 /* Products */ = {
			isa = PBXGroup;
			children = (
				DEF76E641C3B863C00CC7AF9 /* Popover.app */,
			);
			name = Products;
			sourceTree = "<group>";
		};
		DEF76E661C3B863C00CC7AF9 /* Popover */ = {
			isa = PBXGroup;
			children = (
				B057A0551E013E180076287C /* PopoverView */,
				DEF76E6A1C3B863C00CC7AF9 /* AppDelegate.h */,
				DEF76E6B1C3B863C00CC7AF9 /* AppDelegate.m */,
				DEF76E6D1C3B863C00CC7AF9 /* ViewController.h */,
				DEF76E6E1C3B863C00CC7AF9 /* ViewController.m */,
				DEF76E701C3B863C00CC7AF9 /* Main.storyboard */,
				DEF76E731C3B863C00CC7AF9 /* Assets.xcassets */,
				DEF76E751C3B863C00CC7AF9 /* LaunchScreen.storyboard */,
				DEF76E781C3B863C00CC7AF9 /* Info.plist */,
				DEF76E671C3B863C00CC7AF9 /* Supporting Files */,
			);
			path = Popover;
			sourceTree = "<group>";
		};
		DEF76E671C3B863C00CC7AF9 /* Supporting Files */ = {
			isa = PBXGroup;
			children = (
				DEF76E681C3B863C00CC7AF9 /* main.m */,
			);
			name = "Supporting Files";
			sourceTree = "<group>";
		};
/* End PBXGroup section */

/* Begin PBXNativeTarget section */
		DEF76E631C3B863C00CC7AF9 /* Popover */ = {
			isa = PBXNativeTarget;
			buildConfigurationList = DEF76E7B1C3B863C00CC7AF9 /* Build configuration list for PBXNativeTarget "Popover" */;
			buildPhases = (
				DEF76E601C3B863C00CC7AF9 /* Sources */,
				DEF76E611C3B863C00CC7AF9 /* Frameworks */,
				DEF76E621C3B863C00CC7AF9 /* Resources */,
			);
			buildRules = (
			);
			dependencies = (
			);
			name = Popover;
			productName = Popover;
			productReference = DEF76E641C3B863C00CC7AF9 /* Popover.app */;
			productType = "com.apple.product-type.application";
		};
/* End PBXNativeTarget section */

/* Begin PBXProject section */
		DEF76E5C1C3B863C00CC7AF9 /* Project object */ = {
			isa = PBXProject;
			attributes = {
				LastUpgradeCheck = 0720;
				ORGANIZATIONNAME = lifution;
				TargetAttributes = {
					DEF76E631C3B863C00CC7AF9 = {
						CreatedOnToolsVersion = 7.2;
						DevelopmentTeam = Q5668NKEBD;
						ProvisioningStyle = Automatic;
					};
				};
			};
			buildConfigurationList = DEF76E5F1C3B863C00CC7AF9 /* Build configuration list for PBXProject "Popover" */;
			compatibilityVersion = "Xcode 3.2";
			developmentRegion = English;
			hasScannedForEncodings = 0;
			knownRegions = (
				en,
				Base,
			);
			mainGroup = DEF76E5B1C3B863C00CC7AF9;
			productRefGroup = DEF76E651C3B863C00CC7AF9 /* Products */;
			projectDirPath = "";
			projectRoot = "";
			targets = (
				DEF76E631C3B863C00CC7AF9 /* Popover */,
			);
		};
/* End PBXProject section */

/* Begin PBXResourcesBuildPhase section */
		DEF76E621C3B863C00CC7AF9 /* Resources */ = {
			isa = PBXResourcesBuildPhase;
			buildActionMask = 2147483647;
			files = (
				DEF76E771C3B863C00CC7AF9 /* LaunchScreen.storyboard in Resources */,
				DEF76E741C3B863C00CC7AF9 /* Assets.xcassets in Resources */,
				DEF76E721C3B863C00CC7AF9 /* Main.storyboard in Resources */,
			);
			runOnlyForDeploymentPostprocessing = 0;
		};
/* End PBXResourcesBuildPhase section */

/* Begin PBXSourcesBuildPhase section */
		DEF76E601C3B863C00CC7AF9 /* Sources */ = {
			isa = PBXSourcesBuildPhase;
			buildActionMask = 2147483647;
			files = (
				B057A05E1E013E180076287C /* PopoverViewCell.m in Sources */,
				DEF76E6F1C3B863C00CC7AF9 /* ViewController.m in Sources */,
				B057A05D1E013E180076287C /* PopoverView.m in Sources */,
				DEF76E6C1C3B863C00CC7AF9 /* AppDelegate.m in Sources */,
				DEF76E691C3B863C00CC7AF9 /* main.m in Sources */,
				B057A05C1E013E180076287C /* PopoverAction.m in Sources */,
			);
			runOnlyForDeploymentPostprocessing = 0;
		};
/* End PBXSourcesBuildPhase section */

/* Begin PBXVariantGroup section */
		DEF76E701C3B863C00CC7AF9 /* Main.storyboard */ = {
			isa = PBXVariantGroup;
			children = (
				DEF76E711C3B863C00CC7AF9 /* Base */,
			);
			name = Main.storyboard;
			sourceTree = "<group>";
		};
		DEF76E751C3B863C00CC7AF9 /* LaunchScreen.storyboard */ = {
			isa = PBXVariantGroup;
			children = (
				DEF76E761C3B863C00CC7AF9 /* Base */,
			);
			name = LaunchScreen.storyboard;
			sourceTree = "<group>";
		};
/* End PBXVariantGroup section */

/* Begin XCBuildConfiguration section */
		DEF76E791C3B863C00CC7AF9 /* Debug */ = {
			isa = XCBuildConfiguration;
			buildSettings = {
				ALWAYS_SEARCH_USER_PATHS = NO;
				CLANG_CXX_LANGUAGE_STANDARD = "gnu++0x";
				CLANG_CXX_LIBRARY = "libc++";
				CLANG_ENABLE_MODULES = YES;
				CLANG_ENABLE_OBJC_ARC = YES;
				CLANG_WARN_BOOL_CONVERSION = YES;
				CLANG_WARN_CONSTANT_CONVERSION = YES;
				CLANG_WARN_DIRECT_OBJC_ISA_USAGE = YES_ERROR;
				CLANG_WARN_EMPTY_BODY = YES;
				CLANG_WARN_ENUM_CONVERSION = YES;
				CLANG_WARN_INT_CONVERSION = YES;
				CLANG_WARN_OBJC_ROOT_CLASS = YES_ERROR;
				CLANG_WARN_UNREACHABLE_CODE = YES;
				CLANG_WARN__DUPLICATE_METHOD_MATCH = YES;
				"CODE_SIGN_IDENTITY[sdk=iphoneos*]" = "iPhone Developer";
				COPY_PHASE_STRIP = NO;
				DEBUG_INFORMATION_FORMAT = dwarf;
				ENABLE_STRICT_OBJC_MSGSEND = YES;
				ENABLE_TESTABILITY = YES;
				GCC_C_LANGUAGE_STANDARD = gnu99;
				GCC_DYNAMIC_NO_PIC = NO;
				GCC_NO_COMMON_BLOCKS = YES;
				GCC_OPTIMIZATION_LEVEL = 0;
				GCC_PREPROCESSOR_DEFINITIONS = (
					"DEBUG=1",
					"$(inherited)",
				);
				GCC_WARN_64_TO_32_BIT_CONVERSION = YES;
				GCC_WARN_ABOUT_RETURN_TYPE = YES_ERROR;
				GCC_WARN_UNDECLARED_SELECTOR = YES;
				GCC_WARN_UNINITIALIZED_AUTOS = YES_AGGRESSIVE;
				GCC_WARN_UNUSED_FUNCTION = YES;
				GCC_WARN_UNUSED_VARIABLE = YES;
				IPHONEOS_DEPLOYMENT_TARGET = 7.0;
				MTL_ENABLE_DEBUG_INFO = YES;
				ONLY_ACTIVE_ARCH = YES;
				SDKROOT = iphoneos;
			};
			name = Debug;
		};
		DEF76E7A1C3B863C00CC7AF9 /* Release */ = {
			isa = XCBuildConfiguration;
			buildSettings = {
				ALWAYS_SEARCH_USER_PATHS = NO;
				CLANG_CXX_LANGUAGE_STANDARD = "gnu++0x";
				CLANG_CXX_LIBRARY = "libc++";
				CLANG_ENABLE_MODULES = YES;
				CLANG_ENABLE_OBJC_ARC = YES;
				CLANG_WARN_BOOL_CONVERSION = YES;
				CLANG_WARN_CONSTANT_CONVERSION = YES;
				CLANG_WARN_DIRECT_OBJC_ISA_USAGE = YES_ERROR;
				CLANG_WARN_EMPTY_BODY = YES;
				CLANG_WARN_ENUM_CONVERSION = YES;
				CLANG_WARN_INT_CONVERSION = YES;
				CLANG_WARN_OBJC_ROOT_CLASS = YES_ERROR;
				CLANG_WARN_UNREACHABLE_CODE = YES;
				CLANG_WARN__DUPLICATE_METHOD_MATCH = YES;
				"CODE_SIGN_IDENTITY[sdk=iphoneos*]" = "iPhone Developer";
				COPY_PHASE_STRIP = NO;
				DEBUG_INFORMATION_FORMAT = "dwarf-with-dsym";
				ENABLE_NS_ASSERTIONS = NO;
				ENABLE_STRICT_OBJC_MSGSEND = YES;
				GCC_C_LANGUAGE_STANDARD = gnu99;
				GCC_NO_COMMON_BLOCKS = YES;
				GCC_WARN_64_TO_32_BIT_CONVERSION = YES;
				GCC_WARN_ABOUT_RETURN_TYPE = YES_ERROR;
				GCC_WARN_UNDECLARED_SELECTOR = YES;
				GCC_WARN_UNINITIALIZED_AUTOS = YES_AGGRESSIVE;
				GCC_WARN_UNUSED_FUNCTION = YES;
				GCC_WARN_UNUSED_VARIABLE = YES;
				IPHONEOS_DEPLOYMENT_TARGET = 7.0;
				MTL_ENABLE_DEBUG_INFO = NO;
				SDKROOT = iphoneos;
				VALIDATE_PRODUCT = YES;
			};
			name = Release;
		};
		DEF76E7C1C3B863C00CC7AF9 /* Debug */ = {
			isa = XCBuildConfiguration;
			buildSettings = {
				ASSETCATALOG_COMPILER_APPICON_NAME = AppIcon;
				"CODE_SIGN_IDENTITY[sdk=iphoneos*]" = "iPhone Developer";
				DEVELOPMENT_TEAM = Q5668NKEBD;
				INFOPLIST_FILE = Popover/Info.plist;
				IPHONEOS_DEPLOYMENT_TARGET = 7.0;
				LD_RUNPATH_SEARCH_PATHS = "$(inherited) @executable_path/Frameworks";
				PRODUCT_BUNDLE_IDENTIFIER = com.lifution.Popover;
				PRODUCT_NAME = "$(TARGET_NAME)";
			};
			name = Debug;
		};
		DEF76E7D1C3B863C00CC7AF9 /* Release */ = {
			isa = XCBuildConfiguration;
			buildSettings = {
				ASSETCATALOG_COMPILER_APPICON_NAME = AppIcon;
				"CODE_SIGN_IDENTITY[sdk=iphoneos*]" = "iPhone Developer";
				DEVELOPMENT_TEAM = Q5668NKEBD;
				INFOPLIST_FILE = Popover/Info.plist;
				IPHONEOS_DEPLOYMENT_TARGET = 7.0;
				LD_RUNPATH_SEARCH_PATHS = "$(inherited) @executable_path/Frameworks";
				PRODUCT_BUNDLE_IDENTIFIER = com.lifution.Popover;
				PRODUCT_NAME = "$(TARGET_NAME)";
			};
			name = Release;
		};
/* End XCBuildConfiguration section */

/* Begin XCConfigurationList section */
		DEF76E5F1C3B863C00CC7AF9 /* Build configuration list for PBXProject "Popover" */ = {
			isa = XCConfigurationList;
			buildConfigurations = (
				DEF76E791C3B863C00CC7AF9 /* Debug */,
				DEF76E7A1C3B863C00CC7AF9 /* Release */,
			);
			defaultConfigurationIsVisible = 0;
			defaultConfigurationName = Release;
		};
		DEF76E7B1C3B863C00CC7AF9 /* Build configuration list for PBXNativeTarget "Popover" */ = {
			isa = XCConfigurationList;
			buildConfigurations = (
				DEF76E7C1C3B863C00CC7AF9 /* Debug */,
				DEF76E7D1C3B863C00CC7AF9 /* Release */,
			);
			defaultConfigurationIsVisible = 0;
			defaultConfigurationName = Release;
		};
/* End XCConfigurationList section */
	};
	rootObject = DEF76E5C1C3B863C00CC7AF9 /* Project object */;
}
